{
  "name": "fx-soundcloud",
  "version": "1.0.0",
  "lockfileVersion": 3,
  "requires": true,
  "packages": {
    "": {
      "name": "fx-soundcloud",
      "version": "1.0.0",
      "license": "ISC",
      "devDependencies": {
        "@cloudflare/workers-types": "^4.20240722.0",
        "typescript": "^5.5.4"
      }
    },
    "node_modules/@cloudflare/workers-types": {
      "version": "4.20240722.0",
      "resolved": "https://registry.npmjs.org/@cloudflare/workers-types/-/workers-types-4.20240722.0.tgz",
      "integrity": "sha512-/N072r7w7jNCgciRtImOQnHODn8CNwl3NHGO2lmC5bCsgevTRNeNj6B2IjS+OgEfo0qFoBgLejISl6ot9QvGvA==",
      "dev": true
    },
    "node_modules/typescript": {
      "version": "5.5.4",
      "resolved": "https://registry.npmjs.org/typescript/-/typescript-5.5.4.tgz",
      "integrity": "sha512-Mtq29sKDAEYP7aljRgtPOpTvOfbwRWlS6dPRzwjdE+C0R4brX/GUyhHSecbHMFLNBLcJIPt9nl9yG5TZ1weH+Q==",
      "dev": true,
      "bin": {
        "tsc": "bin/tsc",
        "tsserver": "bin/tsserver"
      },
      "engines": {
        "node": ">=14.17"
      }
    }
  }
}
